
Microsoft Visual Studio Solution File, Format Version 12.00
# Visual Studio Version 17
VisualStudioVersion = 17.9.34607.119
MinimumVisualStudioVersion = 10.0.40219.1
Project("{FAE04EC0-301F-11D3-BF4B-00C04F79EFBC}") = "Dish.UWP", "Dish\Dish.UWP\Dish.UWP.csproj", "{12F1933A-8C81-4B6A-B877-618AB0CC3858}"
EndProject
Project("{FAE04EC0-301F-11D3-BF4B-00C04F79EFBC}") = "Dish.Android", "Dish\Dish.Android\Dish.Android.csproj", "{90028CE2-7FBF-4BFF-8CFF-89D509E6CD48}"
EndProject
Project("{FAE04EC0-301F-11D3-BF4B-00C04F79EFBC}") = "Dish.iOS", "Dish\Dish.iOS\Dish.iOS.csproj", "{3F555A02-FAB5-488B-BE62-953AD9110952}"
EndProject
Project("{FAE04EC0-301F-11D3-BF4B-00C04F79EFBC}") = "Dish", "Dish\Dish\Dish.csproj", "{9E5EE80D-855D-42D3-9409-71A3854A06A4}"
EndProject
Global
	GlobalSection(SolutionConfigurationPlatforms) = preSolution
		Debug|Any CPU = Debug|Any CPU
		Debug|ARM = Debug|ARM
		Debug|iPhone = Debug|iPhone
		Debug|iPhoneSimulator = Debug|iPhoneSimulator
		Debug|x64 = Debug|x64
		Debug|x86 = Debug|x86
		Release|Any CPU = Release|Any CPU
		Release|ARM = Release|ARM
		Release|iPhone = Release|iPhone
		Release|iPhoneSimulator = Release|iPhoneSimulator
		Release|x64 = Release|x64
		Release|x86 = Release|x86
	EndGlobalSection
	GlobalSection(ProjectConfigurationPlatforms) = postSolution
		{12F1933A-8C81-4B6A-B877-618AB0CC3858}.Debug|Any CPU.ActiveCfg = Debug|x64
		{12F1933A-8C81-4B6A-B877-618AB0CC3858}.Debug|Any CPU.Build.0 = Debug|x64
		{12F1933A-8C81-4B6A-B877-618AB0CC3858}.Debug|Any CPU.Deploy.0 = Debug|x64
		{12F1933A-8C81-4B6A-B877-618AB0CC3858}.Debug|ARM.ActiveCfg = Debug|ARM
		{12F1933A-8C81-4B6A-B877-618AB0CC3858}.Debug|ARM.Build.0 = Debug|ARM
		{12F1933A-8C81-4B6A-B877-618AB0CC3858}.Debug|ARM.Deploy.0 = Debug|ARM
		{12F1933A-8C81-4B6A-B877-618AB0CC3858}.Debug|iPhone.ActiveCfg = Debug|x64
		{12F1933A-8C81-4B6A-B877-618AB0CC3858}.Debug|iPhone.Build.0 = Debug|x64
		{12F1933A-8C81-4B6A-B877-618AB0CC3858}.Debug|iPhone.Deploy.0 = Debug|x64
		{12F1933A-8C81-4B6A-B877-618AB0CC3858}.Debug|iPhoneSimulator.ActiveCfg = Debug|x64
		{12F1933A-8C81-4B6A-B877-618AB0CC3858}.Debug|iPhoneSimulator.Build.0 = Debug|x64
		{12F1933A-8C81-4B6A-B877-618AB0CC3858}.Debug|iPhoneSimulator.Deploy.0 = Debug|x64
		{12F1933A-8C81-4B6A-B877-618AB0CC3858}.Debug|x64.ActiveCfg = Debug|x64
		{12F1933A-8C81-4B6A-B877-618AB0CC3858}.Debug|x64.Build.0 = Debug|x64
		{12F1933A-8C81-4B6A-B877-618AB0CC3858}.Debug|x64.Deploy.0 = Debug|x64
		{12F1933A-8C81-4B6A-B877-618AB0CC3858}.Debug|x86.ActiveCfg = Debug|x86
		{12F1933A-8C81-4B6A-B877-618AB0CC3858}.Debug|x86.Build.0 = Debug|x86
		{12F1933A-8C81-4B6A-B877-618AB0CC3858}.Debug|x86.Deploy.0 = Debug|x86
		{12F1933A-8C81-4B6A-B877-618AB0CC3858}.Release|Any CPU.ActiveCfg = Release|x64
		{12F1933A-8C81-4B6A-B877-618AB0CC3858}.Release|Any CPU.Build.0 = Release|x64
		{12F1933A-8C81-4B6A-B877-618AB0CC3858}.Release|Any CPU.Deploy.0 = Release|x64
		{12F1933A-8C81-4B6A-B877-618AB0CC3858}.Release|ARM.ActiveCfg = Release|ARM
		{12F1933A-8C81-4B6A-B877-618AB0CC3858}.Release|ARM.Build.0 = Release|ARM
		{12F1933A-8C81-4B6A-B877-618AB0CC3858}.Release|ARM.Deploy.0 = Release|ARM
		{12F1933A-8C81-4B6A-B877-618AB0CC3858}.Release|iPhone.ActiveCfg = Release|x64
		{12F1933A-8C81-4B6A-B877-618AB0CC3858}.Release|iPhone.Build.0 = Release|x64
		{12F1933A-8C81-4B6A-B877-618AB0CC3858}.Release|iPhone.Deploy.0 = Release|x64
		{12F1933A-8C81-4B6A-B877-618AB0CC3858}.Release|iPhoneSimulator.ActiveCfg = Release|x64
		{12F1933A-8C81-4B6A-B877-618AB0CC3858}.Release|iPhoneSimulator.Build.0 = Release|x64
		{12F1933A-8C81-4B6A-B877-618AB0CC3858}.Release|iPhoneSimulator.Deploy.0 = Release|x64
		{12F1933A-8C81-4B6A-B877-618AB0CC3858}.Release|x64.ActiveCfg = Release|x64
		{12F1933A-8C81-4B6A-B877-618AB0CC3858}.Release|x64.Build.0 = Release|x64
		{12F1933A-8C81-4B6A-B877-618AB0CC3858}.Release|x64.Deploy.0 = Release|x64
		{12F1933A-8C81-4B6A-B877-618AB0CC3858}.Release|x86.ActiveCfg = Release|x86
		{12F1933A-8C81-4B6A-B877-618AB0CC3858}.Release|x86.Build.0 = Release|x86
		{12F1933A-8C81-4B6A-B877-618AB0CC3858}.Release|x86.Deploy.0 = Release|x86
		{90028CE2-7FBF-4BFF-8CFF-89D509E6CD48}.Debug|Any CPU.ActiveCfg = Debug|Any CPU
		{90028CE2-7FBF-4BFF-8CFF-89D509E6CD48}.Debug|Any CPU.Build.0 = Debug|Any CPU
		{90028CE2-7FBF-4BFF-8CFF-89D509E6CD48}.Debug|Any CPU.Deploy.0 = Debug|Any CPU
		{90028CE2-7FBF-4BFF-8CFF-89D509E6CD48}.Debug|ARM.ActiveCfg = Debug|Any CPU
		{90028CE2-7FBF-4BFF-8CFF-89D509E6CD48}.Debug|ARM.Build.0 = Debug|Any CPU
		{90028CE2-7FBF-4BFF-8CFF-89D509E6CD48}.Debug|ARM.Deploy.0 = Debug|Any CPU
		{90028CE2-7FBF-4BFF-8CFF-89D509E6CD48}.Debug|iPhone.ActiveCfg = Debug|Any CPU
		{90028CE2-7FBF-4BFF-8CFF-89D509E6CD48}.Debug|iPhone.Build.0 = Debug|Any CPU
		{90028CE2-7FBF-4BFF-8CFF-89D509E6CD48}.Debug|iPhone.Deploy.0 = Debug|Any CPU
		{90028CE2-7FBF-4BFF-8CFF-89D509E6CD48}.Debug|iPhoneSimulator.ActiveCfg = Debug|Any CPU
		{90028CE2-7FBF-4BFF-8CFF-89D509E6CD48}.Debug|iPhoneSimulator.Build.0 = Debug|Any CPU
		{90028CE2-7FBF-4BFF-8CFF-89D509E6CD48}.Debug|iPhoneSimulator.Deploy.0 = Debug|Any CPU
		{90028CE2-7FBF-4BFF-8CFF-89D509E6CD48}.Debug|x64.ActiveCfg = Debug|Any CPU
		{90028CE2-7FBF-4BFF-8CFF-89D509E6CD48}.Debug|x64.Build.0 = Debug|Any CPU
		{90028CE2-7FBF-4BFF-8CFF-89D509E6CD48}.Debug|x64.Deploy.0 = Debug|Any CPU
		{90028CE2-7FBF-4BFF-8CFF-89D509E6CD48}.Debug|x86.ActiveCfg = Debug|Any CPU
		{90028CE2-7FBF-4BFF-8CFF-89D509E6CD48}.Debug|x86.Build.0 = Debug|Any CPU
		{90028CE2-7FBF-4BFF-8CFF-89D509E6CD48}.Debug|x86.Deploy.0 = Debug|Any CPU
		{90028CE2-7FBF-4BFF-8CFF-89D509E6CD48}.Release|Any CPU.ActiveCfg = Release|Any CPU
		{90028CE2-7FBF-4BFF-8CFF-89D509E6CD48}.Release|Any CPU.Build.0 = Release|Any CPU
		{90028CE2-7FBF-4BFF-8CFF-89D509E6CD48}.Release|Any CPU.Deploy.0 = Release|Any CPU
		{90028CE2-7FBF-4BFF-8CFF-89D509E6CD48}.Release|ARM.ActiveCfg = Release|Any CPU
		{90028CE2-7FBF-4BFF-8CFF-89D509E6CD48}.Release|ARM.Build.0 = Release|Any CPU
		{90028CE2-7FBF-4BFF-8CFF-89D509E6CD48}.Release|ARM.Deploy.0 = Release|Any CPU
		{90028CE2-7FBF-4BFF-8CFF-89D509E6CD48}.Release|iPhone.ActiveCfg = Release|Any CPU
		{90028CE2-7FBF-4BFF-8CFF-89D509E6CD48}.Release|iPhone.Build.0 = Release|Any CPU
		{90028CE2-7FBF-4BFF-8CFF-89D509E6CD48}.Release|iPhone.Deploy.0 = Release|Any CPU
		{90028CE2-7FBF-4BFF-8CFF-89D509E6CD48}.Release|iPhoneSimulator.ActiveCfg = Release|Any CPU
		{90028CE2-7FBF-4BFF-8CFF-89D509E6CD48}.Release|iPhoneSimulator.Build.0 = Release|Any CPU
		{90028CE2-7FBF-4BFF-8CFF-89D509E6CD48}.Release|iPhoneSimulator.Deploy.0 = Release|Any CPU
		{90028CE2-7FBF-4BFF-8CFF-89D509E6CD48}.Release|x64.ActiveCfg = Release|Any CPU
		{90028CE2-7FBF-4BFF-8CFF-89D509E6CD48}.Release|x64.Build.0 = Release|Any CPU
		{90028CE2-7FBF-4BFF-8CFF-89D509E6CD48}.Release|x64.Deploy.0 = Release|Any CPU
		{90028CE2-7FBF-4BFF-8CFF-89D509E6CD48}.Release|x86.ActiveCfg = Release|Any CPU
		{90028CE2-7FBF-4BFF-8CFF-89D509E6CD48}.Release|x86.Build.0 = Release|Any CPU
		{90028CE2-7FBF-4BFF-8CFF-89D509E6CD48}.Release|x86.Deploy.0 = Release|Any CPU
		{3F555A02-FAB5-488B-BE62-953AD9110952}.Debug|Any CPU.ActiveCfg = Debug|iPhoneSimulator
		{3F555A02-FAB5-488B-BE62-953AD9110952}.Debug|Any CPU.Build.0 = Debug|iPhoneSimulator
		{3F555A02-FAB5-488B-BE62-953AD9110952}.Debug|Any CPU.Deploy.0 = Debug|iPhoneSimulator
		{3F555A02-FAB5-488B-BE62-953AD9110952}.Debug|ARM.ActiveCfg = Debug|iPhoneSimulator
		{3F555A02-FAB5-488B-BE62-953AD9110952}.Debug|ARM.Build.0 = Debug|iPhoneSimulator
		{3F555A02-FAB5-488B-BE62-953AD9110952}.Debug|ARM.Deploy.0 = Debug|iPhoneSimulator
		{3F555A02-FAB5-488B-BE62-953AD9110952}.Debug|iPhone.ActiveCfg = Debug|iPhone
		{3F555A02-FAB5-488B-BE62-953AD9110952}.Debug|iPhone.Build.0 = Debug|iPhone
		{3F555A02-FAB5-488B-BE62-953AD9110952}.Debug|iPhone.Deploy.0 = Debug|iPhone
		{3F555A02-FAB5-488B-BE62-953AD9110952}.Debug|iPhoneSimulator.ActiveCfg = Debug|iPhoneSimulator
		{3F555A02-FAB5-488B-BE62-953AD9110952}.Debug|iPhoneSimulator.Build.0 = Debug|iPhoneSimulator
		{3F555A02-FAB5-488B-BE62-953AD9110952}.Debug|iPhoneSimulator.Deploy.0 = Debug|iPhoneSimulator
		{3F555A02-FAB5-488B-BE62-953AD9110952}.Debug|x64.ActiveCfg = Debug|iPhone
		{3F555A02-FAB5-488B-BE62-953AD9110952}.Debug|x64.Build.0 = Debug|iPhone
		{3F555A02-FAB5-488B-BE62-953AD9110952}.Debug|x64.Deploy.0 = Debug|iPhone
		{3F555A02-FAB5-488B-BE62-953AD9110952}.Debug|x86.ActiveCfg = Debug|iPhoneSimulator
		{3F555A02-FAB5-488B-BE62-953AD9110952}.Debug|x86.Build.0 = Debug|iPhoneSimulator
		{3F555A02-FAB5-488B-BE62-953AD9110952}.Debug|x86.Deploy.0 = Debug|iPhoneSimulator
		{3F555A02-FAB5-488B-BE62-953AD9110952}.Release|Any CPU.ActiveCfg = Release|iPhoneSimulator
		{3F555A02-FAB5-488B-BE62-953AD9110952}.Release|Any CPU.Build.0 = Release|iPhoneSimulator
		{3F555A02-FAB5-488B-BE62-953AD9110952}.Release|Any CPU.Deploy.0 = Release|iPhoneSimulator
		{3F555A02-FAB5-488B-BE62-953AD9110952}.Release|ARM.ActiveCfg = Release|iPhoneSimulator
		{3F555A02-FAB5-488B-BE62-953AD9110952}.Release|ARM.Build.0 = Release|iPhoneSimulator
		{3F555A02-FAB5-488B-BE62-953AD9110952}.Release|ARM.Deploy.0 = Release|iPhoneSimulator
		{3F555A02-FAB5-488B-BE62-953AD9110952}.Release|iPhone.ActiveCfg = Release|iPhone
		{3F555A02-FAB5-488B-BE62-953AD9110952}.Release|iPhone.Build.0 = Release|iPhone
		{3F555A02-FAB5-488B-BE62-953AD9110952}.Release|iPhone.Deploy.0 = Release|iPhone
		{3F555A02-FAB5-488B-BE62-953AD9110952}.Release|iPhoneSimulator.ActiveCfg = Release|iPhoneSimulator
		{3F555A02-FAB5-488B-BE62-953AD9110952}.Release|iPhoneSimulator.Build.0 = Release|iPhoneSimulator
		{3F555A02-FAB5-488B-BE62-953AD9110952}.Release|iPhoneSimulator.Deploy.0 = Release|iPhoneSimulator
		{3F555A02-FAB5-488B-BE62-953AD9110952}.Release|x64.ActiveCfg = Release|iPhoneSimulator
		{3F555A02-FAB5-488B-BE62-953AD9110952}.Release|x64.Build.0 = Release|iPhoneSimulator
		{3F555A02-FAB5-488B-BE62-953AD9110952}.Release|x64.Deploy.0 = Release|iPhoneSimulator
		{3F555A02-FAB5-488B-BE62-953AD9110952}.Release|x86.ActiveCfg = Release|iPhoneSimulator
		{3F555A02-FAB5-488B-BE62-953AD9110952}.Release|x86.Build.0 = Release|iPhoneSimulator
		{3F555A02-FAB5-488B-BE62-953AD9110952}.Release|x86.Deploy.0 = Release|iPhoneSimulator
		{9E5EE80D-855D-42D3-9409-71A3854A06A4}.Debug|Any CPU.ActiveCfg = Debug|Any CPU
		{9E5EE80D-855D-42D3-9409-71A3854A06A4}.Debug|Any CPU.Build.0 = Debug|Any CPU
		{9E5EE80D-855D-42D3-9409-71A3854A06A4}.Debug|Any CPU.Deploy.0 = Debug|Any CPU
		{9E5EE80D-855D-42D3-9409-71A3854A06A4}.Debug|ARM.ActiveCfg = Debug|Any CPU
		{9E5EE80D-855D-42D3-9409-71A3854A06A4}.Debug|ARM.Build.0 = Debug|Any CPU
		{9E5EE80D-855D-42D3-9409-71A3854A06A4}.Debug|ARM.Deploy.0 = Debug|Any CPU
		{9E5EE80D-855D-42D3-9409-71A3854A06A4}.Debug|iPhone.ActiveCfg = Debug|Any CPU
		{9E5EE80D-855D-42D3-9409-71A3854A06A4}.Debug|iPhone.Build.0 = Debug|Any CPU
		{9E5EE80D-855D-42D3-9409-71A3854A06A4}.Debug|iPhone.Deploy.0 = Debug|Any CPU
		{9E5EE80D-855D-42D3-9409-71A3854A06A4}.Debug|iPhoneSimulator.ActiveCfg = Debug|Any CPU
		{9E5EE80D-855D-42D3-9409-71A3854A06A4}.Debug|iPhoneSimulator.Build.0 = Debug|Any CPU
		{9E5EE80D-855D-42D3-9409-71A3854A06A4}.Debug|iPhoneSimulator.Deploy.0 = Debug|Any CPU
		{9E5EE80D-855D-42D3-9409-71A3854A06A4}.Debug|x64.ActiveCfg = Debug|Any CPU
		{9E5EE80D-855D-42D3-9409-71A3854A06A4}.Debug|x64.Build.0 = Debug|Any CPU
		{9E5EE80D-855D-42D3-9409-71A3854A06A4}.Debug|x64.Deploy.0 = Debug|Any CPU
		{9E5EE80D-855D-42D3-9409-71A3854A06A4}.Debug|x86.ActiveCfg = Debug|Any CPU
		{9E5EE80D-855D-42D3-9409-71A3854A06A4}.Debug|x86.Build.0 = Debug|Any CPU
		{9E5EE80D-855D-42D3-9409-71A3854A06A4}.Debug|x86.Deploy.0 = Debug|Any CPU
		{9E5EE80D-855D-42D3-9409-71A3854A06A4}.Release|Any CPU.ActiveCfg = Release|Any CPU
		{9E5EE80D-855D-42D3-9409-71A3854A06A4}.Release|Any CPU.Build.0 = Release|Any CPU
		{9E5EE80D-855D-42D3-9409-71A3854A06A4}.Release|Any CPU.Deploy.0 = Release|Any CPU
		{9E5EE80D-855D-42D3-9409-71A3854A06A4}.Release|ARM.ActiveCfg = Release|Any CPU
		{9E5EE80D-855D-42D3-9409-71A3854A06A4}.Release|ARM.Build.0 = Release|Any CPU
		{9E5EE80D-855D-42D3-9409-71A3854A06A4}.Release|ARM.Deploy.0 = Release|Any CPU
		{9E5EE80D-855D-42D3-9409-71A3854A06A4}.Release|iPhone.ActiveCfg = Release|Any CPU
		{9E5EE80D-855D-42D3-9409-71A3854A06A4}.Release|iPhone.Build.0 = Release|Any CPU
		{9E5EE80D-855D-42D3-9409-71A3854A06A4}.Release|iPhone.Deploy.0 = Release|Any CPU
		{9E5EE80D-855D-42D3-9409-71A3854A06A4}.Release|iPhoneSimulator.ActiveCfg = Release|Any CPU
		{9E5EE80D-855D-42D3-9409-71A3854A06A4}.Release|iPhoneSimulator.Build.0 = Release|Any CPU
		{9E5EE80D-855D-42D3-9409-71A3854A06A4}.Release|iPhoneSimulator.Deploy.0 = Release|Any CPU
		{9E5EE80D-855D-42D3-9409-71A3854A06A4}.Release|x64.ActiveCfg = Release|Any CPU
		{9E5EE80D-855D-42D3-9409-71A3854A06A4}.Release|x64.Build.0 = Release|Any CPU
		{9E5EE80D-855D-42D3-9409-71A3854A06A4}.Release|x64.Deploy.0 = Release|Any CPU
		{9E5EE80D-855D-42D3-9409-71A3854A06A4}.Release|x86.ActiveCfg = Release|Any CPU
		{9E5EE80D-855D-42D3-9409-71A3854A06A4}.Release|x86.Build.0 = Release|Any CPU
		{9E5EE80D-855D-42D3-9409-71A3854A06A4}.Release|x86.Deploy.0 = Release|Any CPU
	EndGlobalSection
	GlobalSection(SolutionProperties) = preSolution
		HideSolutionNode = FALSE
	EndGlobalSection
	GlobalSection(ExtensibilityGlobals) = postSolution
		SolutionGuid = {40467D34-FFCD-4F6F-A6BF-092015096AED}
	EndGlobalSection
EndGlobal
